
Microsoft Visual Studio Solution File, Format Version 12.00
# Visual Studio Version 17
VisualStudioVersion = 17.4.33205.214
MinimumVisualStudioVersion = 10.0.40219.1
Project("{FAE04EC0-301F-11D3-BF4B-00C04F79EFBC}") = "SchoolDBAssignment4C2", "SchoolDBAssignment4C2\SchoolDBAssignment4C2.csproj", "{99680F29-4B30-4046-AE5A-05C5324EB768}"
EndProject
Global
	GlobalSection(SolutionConfigurationPlatforms) = preSolution
		Debug|Any CPU = Debug|Any CPU
		Release|Any CPU = Release|Any CPU
	EndGlobalSection
	GlobalSection(ProjectConfigurationPlatforms) = postSolution
		{99680F29-4B30-4046-AE5A-05C5324EB768}.Debug|Any CPU.ActiveCfg = Debug|Any CPU
		{99680F29-4B30-4046-AE5A-05C5324EB768}.Debug|Any CPU.Build.0 = Debug|Any CPU
		{99680F29-4B30-4046-AE5A-05C5324EB768}.Release|Any CPU.ActiveCfg = Release|Any CPU
		{99680F29-4B30-4046-AE5A-05C5324EB768}.Release|Any CPU.Build.0 = Release|Any CPU
	EndGlobalSection
	GlobalSection(SolutionProperties) = preSolution
		HideSolutionNode = FALSE
	EndGlobalSection
	GlobalSection(ExtensibilityGlobals) = postSolution
		SolutionGuid = {C64C63B6-7D55-4D7D-9C32-52C73559EEFD}
	EndGlobalSection
EndGlobal
